// !$*UTF8*$!
{
	archiveVersion = 1;
	classes = {
	};
	objectVersion = 50;
	objects = {

/* Begin PBXBuildFile section */
		AD401646C6D9F31D08CBFA0B /* Pods_RunrTests.framework in Frameworks */ = {isa = PBXBuildFile; fileRef = 94F0BFAB670617FBACD55610 /* Pods_RunrTests.framework */; };
		CD971F57DD093263C4528BDF /* Pods_Runr.framework in Frameworks */ = {isa = PBXBuildFile; fileRef = 30FD183EB645688C170A691A /* Pods_Runr.framework */; };
		DD09BA31216AF21B002090B8 /* RunListViewController.swift in Sources */ = {isa = PBXBuildFile; fileRef = DD09BA30216AF21B002090B8 /* RunListViewController.swift */; };
		DD09BA34216B056A002090B8 /* UIViewController+Extensions.swift in Sources */ = {isa = PBXBuildFile; fileRef = DD09BA33216B056A002090B8 /* UIViewController+Extensions.swift */; };
		DD1C6540219A7555001F3407 /* WorkoutInterfaceController.swift in Sources */ = {isa = PBXBuildFile; fileRef = DD1C653F219A7555001F3407 /* WorkoutInterfaceController.swift */; };
		DD1C6543219A77B0001F3407 /* HealthKit.framework in Frameworks */ = {isa = PBXBuildFile; fileRef = DD1C6542219A77B0001F3407 /* HealthKit.framework */; };
		DD21B4C021321B94004B22E7 /* AppDelegate.swift in Sources */ = {isa = PBXBuildFile; fileRef = DD21B4BF21321B94004B22E7 /* AppDelegate.swift */; };
		DD21B4C221321B94004B22E7 /* RunMainViewController.swift in Sources */ = {isa = PBXBuildFile; fileRef = DD21B4C121321B94004B22E7 /* RunMainViewController.swift */; };
		DD21B4C721321B96004B22E7 /* AppIconAssets.xcassets in Resources */ = {isa = PBXBuildFile; fileRef = DD21B4C621321B96004B22E7 /* AppIconAssets.xcassets */; };
		DD21B4CA21321B96004B22E7 /* LaunchScreen.storyboard in Resources */ = {isa = PBXBuildFile; fileRef = DD21B4C821321B96004B22E7 /* LaunchScreen.storyboard */; };
		DD21B4D521321B96004B22E7 /* RunrTests.swift in Sources */ = {isa = PBXBuildFile; fileRef = DD21B4D421321B96004B22E7 /* RunrTests.swift */; };
		DD29A73221D7393900D6CEB6 /* LetsRunViewController.swift in Sources */ = {isa = PBXBuildFile; fileRef = DD29A73121D7393900D6CEB6 /* LetsRunViewController.swift */; };
		DD2ABE9621CF44D100F7F0EA /* RunTableViewCell.swift in Sources */ = {isa = PBXBuildFile; fileRef = DD2ABE9521CF44D100F7F0EA /* RunTableViewCell.swift */; };
		DD304B0E216C4A6100ABE7C2 /* Coordinate.swift in Sources */ = {isa = PBXBuildFile; fileRef = DD304B0D216C4A6100ABE7C2 /* Coordinate.swift */; };
		DD45F16F21A1277500C1DA72 /* ConnectivityController.swift in Sources */ = {isa = PBXBuildFile; fileRef = DD45F16E21A1277500C1DA72 /* ConnectivityController.swift */; };
		DD45F17021A1277A00C1DA72 /* ConnectivityController.swift in Sources */ = {isa = PBXBuildFile; fileRef = DD45F16E21A1277500C1DA72 /* ConnectivityController.swift */; };
		DD4777F621D4152600E4E85A /* Date+Extensions.swift in Sources */ = {isa = PBXBuildFile; fileRef = DD4777F521D4152600E4E85A /* Date+Extensions.swift */; };
		DD4777F821D433AD00E4E85A /* ColorAssets.xcassets in Resources */ = {isa = PBXBuildFile; fileRef = DD4777F721D433AD00E4E85A /* ColorAssets.xcassets */; };
		DD4777FA21D4348900E4E85A /* ColorTests.swift in Sources */ = {isa = PBXBuildFile; fileRef = DD4777F921D4348900E4E85A /* ColorTests.swift */; };
		DD4777FC21D4357400E4E85A /* ImageAssets.xcassets in Resources */ = {isa = PBXBuildFile; fileRef = DD4777FB21D4357400E4E85A /* ImageAssets.xcassets */; };
		DD4777FF21D4360700E4E85A /* UIImage+Extensions.swift in Sources */ = {isa = PBXBuildFile; fileRef = DD4777FE21D4360700E4E85A /* UIImage+Extensions.swift */; };
		DD47780121D4365500E4E85A /* ImageTests.swift in Sources */ = {isa = PBXBuildFile; fileRef = DD47780021D4365500E4E85A /* ImageTests.swift */; };
		DD47780321D49CA000E4E85A /* MapViewSnapshotController.swift in Sources */ = {isa = PBXBuildFile; fileRef = DD47780221D49CA000E4E85A /* MapViewSnapshotController.swift */; };
		DD47780521D4A17C00E4E85A /* MKCoordinateRegion+Extensions.swift in Sources */ = {isa = PBXBuildFile; fileRef = DD47780421D4A17C00E4E85A /* MKCoordinateRegion+Extensions.swift */; };
		DD54D1B921DF0775007DF100 /* LetsRunInputViewController.swift in Sources */ = {isa = PBXBuildFile; fileRef = DD54D1B821DF0775007DF100 /* LetsRunInputViewController.swift */; };
		DD54D1BB21DF0894007DF100 /* UIButton+Extensions.swift in Sources */ = {isa = PBXBuildFile; fileRef = DD54D1BA21DF0894007DF100 /* UIButton+Extensions.swift */; };
		DD85E39121E06EFE00C64856 /* LetsRunSelectTimeSubViewController.swift in Sources */ = {isa = PBXBuildFile; fileRef = DD85E39021E06EFE00C64856 /* LetsRunSelectTimeSubViewController.swift */; };
		DD85E39321E077ED00C64856 /* LetsRunSelectValueSubViewController.swift in Sources */ = {isa = PBXBuildFile; fileRef = DD85E39221E077ED00C64856 /* LetsRunSelectValueSubViewController.swift */; };
		DDAB3B6C21A106CE0014C240 /* LocationController.swift in Sources */ = {isa = PBXBuildFile; fileRef = DDDEE3B721334CA400C8DC65 /* LocationController.swift */; };
		DDAB86F221DDA2E9000D409D /* RunViewController.swift in Sources */ = {isa = PBXBuildFile; fileRef = DDAB86F121DDA2E9000D409D /* RunViewController.swift */; };
		DDDB8F7821A3C2C600BA5E41 /* RunrController.swift in Sources */ = {isa = PBXBuildFile; fileRef = DDDB8F7721A3C2C600BA5E41 /* RunrController.swift */; };
		DDDEB5F221D5632E003F7641 /* CacheController.swift in Sources */ = {isa = PBXBuildFile; fileRef = DDDEB5F121D5632E003F7641 /* CacheController.swift */; };
		DDDEB5F321D56337003F7641 /* CacheController.swift in Sources */ = {isa = PBXBuildFile; fileRef = DDDEB5F121D5632E003F7641 /* CacheController.swift */; };
		DDDEB5FC21D5A62B003F7641 /* RunDetailViewController.swift in Sources */ = {isa = PBXBuildFile; fileRef = DDDEB5FB21D5A62B003F7641 /* RunDetailViewController.swift */; };
		DDDEDF1821A90A09008FBADA /* ConnectivityModel.swift in Sources */ = {isa = PBXBuildFile; fileRef = DDDEDF1721A90A09008FBADA /* ConnectivityModel.swift */; };
		DDDEDF1921A90A0D008FBADA /* ConnectivityModel.swift in Sources */ = {isa = PBXBuildFile; fileRef = DDDEDF1721A90A09008FBADA /* ConnectivityModel.swift */; };
		DDDEDF1C21A91848008FBADA /* Encodable+Extensions.swift in Sources */ = {isa = PBXBuildFile; fileRef = DDDEDF1B21A91848008FBADA /* Encodable+Extensions.swift */; };
		DDDEDF1D21A9185A008FBADA /* Encodable+Extensions.swift in Sources */ = {isa = PBXBuildFile; fileRef = DDDEDF1B21A91848008FBADA /* Encodable+Extensions.swift */; };
		DDDEE3AD21324CF000C8DC65 /* Run.swift in Sources */ = {isa = PBXBuildFile; fileRef = DDDEE3AC21324CF000C8DC65 /* Run.swift */; };
		DDDEE3AF2132572900C8DC65 /* Location.swift in Sources */ = {isa = PBXBuildFile; fileRef = DDDEE3AE2132572900C8DC65 /* Location.swift */; };
		DDDEE3B2213259D500C8DC65 /* RunningController.swift in Sources */ = {isa = PBXBuildFile; fileRef = DDDEE3B1213259D500C8DC65 /* RunningController.swift */; };
		DDDEE3B4213259E300C8DC65 /* DataController.swift in Sources */ = {isa = PBXBuildFile; fileRef = DDDEE3B3213259E300C8DC65 /* DataController.swift */; };
		DDDEE3B621325E0C00C8DC65 /* HeartRateObject.swift in Sources */ = {isa = PBXBuildFile; fileRef = DDDEE3B521325E0C00C8DC65 /* HeartRateObject.swift */; };
		DDDEE3B821334CA400C8DC65 /* LocationController.swift in Sources */ = {isa = PBXBuildFile; fileRef = DDDEE3B721334CA400C8DC65 /* LocationController.swift */; };
		DDE26A5C219FBC840097D731 /* MainInterfaceController.swift in Sources */ = {isa = PBXBuildFile; fileRef = DDE26A5B219FBC840097D731 /* MainInterfaceController.swift */; };
		DDE26A60219FBE1A0097D731 /* WorkoutInterface.storyboard in Resources */ = {isa = PBXBuildFile; fileRef = DDE26A5F219FBE1A0097D731 /* WorkoutInterface.storyboard */; };
		DDEAD22D21E5A73E0078F55C /* DetailSubViewController.swift in Sources */ = {isa = PBXBuildFile; fileRef = DDEAD22C21E5A73E0078F55C /* DetailSubViewController.swift */; };
		DDF1C475218BF47C00557C11 /* MainInterface.storyboard in Resources */ = {isa = PBXBuildFile; fileRef = DDF1C473218BF47C00557C11 /* MainInterface.storyboard */; };
		DDF1C477218BF47E00557C11 /* Assets.xcassets in Resources */ = {isa = PBXBuildFile; fileRef = DDF1C476218BF47E00557C11 /* Assets.xcassets */; };
		DDF1C47E218BF47E00557C11 /* Watch Extension.appex in Embed App Extensions */ = {isa = PBXBuildFile; fileRef = DDF1C47D218BF47E00557C11 /* Watch Extension.appex */; settings = {ATTRIBUTES = (RemoveHeadersOnCopy, ); }; };
		DDF1C485218BF47E00557C11 /* ExtensionDelegate.swift in Sources */ = {isa = PBXBuildFile; fileRef = DDF1C484218BF47E00557C11 /* ExtensionDelegate.swift */; };
		DDF1C487218BF47E00557C11 /* NotificationController.swift in Sources */ = {isa = PBXBuildFile; fileRef = DDF1C486218BF47E00557C11 /* NotificationController.swift */; };
		DDF1C489218BF47F00557C11 /* Assets.xcassets in Resources */ = {isa = PBXBuildFile; fileRef = DDF1C488218BF47F00557C11 /* Assets.xcassets */; };
		DDF1C48E218BF47F00557C11 /* Watch.app in Embed Watch Content */ = {isa = PBXBuildFile; fileRef = DDF1C471218BF47B00557C11 /* Watch.app */; };
		DDF2B4F221C8AD7400290969 /* UIColor+Extensions.swift in Sources */ = {isa = PBXBuildFile; fileRef = DDF2B4F121C8AD7400290969 /* UIColor+Extensions.swift */; };
		DDFD6E872176CA3E001E3C76 /* HealthKit.framework in Frameworks */ = {isa = PBXBuildFile; fileRef = DDFD6E862176CA3E001E3C76 /* HealthKit.framework */; };
/* End PBXBuildFile section */

/* Begin PBXContainerItemProxy section */
		DD21B4D121321B96004B22E7 /* PBXContainerItemProxy */ = {
			isa = PBXContainerItemProxy;
			containerPortal = DD21B4B421321B94004B22E7 /* Project object */;
			proxyType = 1;
			remoteGlobalIDString = DD21B4BB21321B94004B22E7;
			remoteInfo = Runr;
		};
		DDF1C47F218BF47E00557C11 /* PBXContainerItemProxy */ = {
			isa = PBXContainerItemProxy;
			containerPortal = DD21B4B421321B94004B22E7 /* Project object */;
			proxyType = 1;
			remoteGlobalIDString = DDF1C47C218BF47E00557C11;
			remoteInfo = "Watch Extension";
		};
		DDF1C48C218BF47F00557C11 /* PBXContainerItemProxy */ = {
			isa = PBXContainerItemProxy;
			containerPortal = DD21B4B421321B94004B22E7 /* Project object */;
			proxyType = 1;
			remoteGlobalIDString = DDF1C470218BF47B00557C11;
			remoteInfo = Watch;
		};
/* End PBXContainerItemProxy section */

/* Begin PBXCopyFilesBuildPhase section */
		DDF1C492218BF47F00557C11 /* Embed App Extensions */ = {
			isa = PBXCopyFilesBuildPhase;
			buildActionMask = 2147483647;
			dstPath = "";
			dstSubfolderSpec = 13;
			files = (
				DDF1C47E218BF47E00557C11 /* Watch Extension.appex in Embed App Extensions */,
			);
			name = "Embed App Extensions";
			runOnlyForDeploymentPostprocessing = 0;
		};
		DDF1C496218BF47F00557C11 /* Embed Watch Content */ = {
			isa = PBXCopyFilesBuildPhase;
			buildActionMask = 2147483647;
			dstPath = "$(CONTENTS_FOLDER_PATH)/Watch";
			dstSubfolderSpec = 16;
			files = (
				DDF1C48E218BF47F00557C11 /* Watch.app in Embed Watch Content */,
			);
			name = "Embed Watch Content";
			runOnlyForDeploymentPostprocessing = 0;
		};
/* End PBXCopyFilesBuildPhase section */

/* Begin PBXFileReference section */
		09ABC4776AD126FC47039E18 /* Pods-RunrTests.debug.xcconfig */ = {isa = PBXFileReference; includeInIndex = 1; lastKnownFileType = text.xcconfig; name = "Pods-RunrTests.debug.xcconfig"; path = "Pods/Target Support Files/Pods-RunrTests/Pods-RunrTests.debug.xcconfig"; sourceTree = "<group>"; };
		30FD183EB645688C170A691A /* Pods_Runr.framework */ = {isa = PBXFileReference; explicitFileType = wrapper.framework; includeInIndex = 0; path = Pods_Runr.framework; sourceTree = BUILT_PRODUCTS_DIR; };
		666DCBE3BFC69ED469EA4D45 /* Pods-RunrTests.release.xcconfig */ = {isa = PBXFileReference; includeInIndex = 1; lastKnownFileType = text.xcconfig; name = "Pods-RunrTests.release.xcconfig"; path = "Pods/Target Support Files/Pods-RunrTests/Pods-RunrTests.release.xcconfig"; sourceTree = "<group>"; };
		88F96C4D40C6091F5FE35233 /* Pods-Runr.debug.xcconfig */ = {isa = PBXFileReference; includeInIndex = 1; lastKnownFileType = text.xcconfig; name = "Pods-Runr.debug.xcconfig"; path = "Pods/Target Support Files/Pods-Runr/Pods-Runr.debug.xcconfig"; sourceTree = "<group>"; };
		94F0BFAB670617FBACD55610 /* Pods_RunrTests.framework */ = {isa = PBXFileReference; explicitFileType = wrapper.framework; includeInIndex = 0; path = Pods_RunrTests.framework; sourceTree = BUILT_PRODUCTS_DIR; };
		D95966DFA07AB8B2BE7900DA /* Pods-Runr.release.xcconfig */ = {isa = PBXFileReference; includeInIndex = 1; lastKnownFileType = text.xcconfig; name = "Pods-Runr.release.xcconfig"; path = "Pods/Target Support Files/Pods-Runr/Pods-Runr.release.xcconfig"; sourceTree = "<group>"; };
		DD09BA30216AF21B002090B8 /* RunListViewController.swift */ = {isa = PBXFileReference; lastKnownFileType = sourcecode.swift; path = RunListViewController.swift; sourceTree = "<group>"; };
		DD09BA33216B056A002090B8 /* UIViewController+Extensions.swift */ = {isa = PBXFileReference; lastKnownFileType = sourcecode.swift; path = "UIViewController+Extensions.swift"; sourceTree = "<group>"; };
		DD1C653F219A7555001F3407 /* WorkoutInterfaceController.swift */ = {isa = PBXFileReference; lastKnownFileType = sourcecode.swift; path = WorkoutInterfaceController.swift; sourceTree = "<group>"; };
		DD1C6541219A77B0001F3407 /* Watch Extension.entitlements */ = {isa = PBXFileReference; lastKnownFileType = text.plist.entitlements; path = "Watch Extension.entitlements"; sourceTree = "<group>"; };
		DD1C6542219A77B0001F3407 /* HealthKit.framework */ = {isa = PBXFileReference; lastKnownFileType = wrapper.framework; name = HealthKit.framework; path = Platforms/WatchOS.platform/Developer/SDKs/WatchOS5.1.sdk/System/Library/Frameworks/HealthKit.framework; sourceTree = DEVELOPER_DIR; };
		DD21B4BC21321B94004B22E7 /* Runr.app */ = {isa = PBXFileReference; explicitFileType = wrapper.application; includeInIndex = 0; path = Runr.app; sourceTree = BUILT_PRODUCTS_DIR; };
		DD21B4BF21321B94004B22E7 /* AppDelegate.swift */ = {isa = PBXFileReference; lastKnownFileType = sourcecode.swift; path = AppDelegate.swift; sourceTree = "<group>"; };
		DD21B4C121321B94004B22E7 /* RunMainViewController.swift */ = {isa = PBXFileReference; lastKnownFileType = sourcecode.swift; path = RunMainViewController.swift; sourceTree = "<group>"; };
		DD21B4C621321B96004B22E7 /* AppIconAssets.xcassets */ = {isa = PBXFileReference; lastKnownFileType = folder.assetcatalog; path = AppIconAssets.xcassets; sourceTree = "<group>"; };
		DD21B4C921321B96004B22E7 /* Base */ = {isa = PBXFileReference; lastKnownFileType = file.storyboard; name = Base; path = Base.lproj/LaunchScreen.storyboard; sourceTree = "<group>"; };
		DD21B4CB21321B96004B22E7 /* Info.plist */ = {isa = PBXFileReference; lastKnownFileType = text.plist.xml; path = Info.plist; sourceTree = "<group>"; };
		DD21B4D021321B96004B22E7 /* RunrTests.xctest */ = {isa = PBXFileReference; explicitFileType = wrapper.cfbundle; includeInIndex = 0; path = RunrTests.xctest; sourceTree = BUILT_PRODUCTS_DIR; };
		DD21B4D421321B96004B22E7 /* RunrTests.swift */ = {isa = PBXFileReference; lastKnownFileType = sourcecode.swift; path = RunrTests.swift; sourceTree = "<group>"; };
		DD21B4D621321B96004B22E7 /* Info.plist */ = {isa = PBXFileReference; lastKnownFileType = text.plist.xml; path = Info.plist; sourceTree = "<group>"; };
		DD29A73121D7393900D6CEB6 /* LetsRunViewController.swift */ = {isa = PBXFileReference; lastKnownFileType = sourcecode.swift; path = LetsRunViewController.swift; sourceTree = "<group>"; };
		DD2ABE9521CF44D100F7F0EA /* RunTableViewCell.swift */ = {isa = PBXFileReference; lastKnownFileType = sourcecode.swift; path = RunTableViewCell.swift; sourceTree = "<group>"; };
		DD304B0D216C4A6100ABE7C2 /* Coordinate.swift */ = {isa = PBXFileReference; lastKnownFileType = sourcecode.swift; path = Coordinate.swift; sourceTree = "<group>"; };
		DD45F16E21A1277500C1DA72 /* ConnectivityController.swift */ = {isa = PBXFileReference; lastKnownFileType = sourcecode.swift; path = ConnectivityController.swift; sourceTree = "<group>"; };
		DD4777F521D4152600E4E85A /* Date+Extensions.swift */ = {isa = PBXFileReference; lastKnownFileType = sourcecode.swift; path = "Date+Extensions.swift"; sourceTree = "<group>"; };
		DD4777F721D433AD00E4E85A /* ColorAssets.xcassets */ = {isa = PBXFileReference; lastKnownFileType = folder.assetcatalog; path = ColorAssets.xcassets; sourceTree = "<group>"; };
		DD4777F921D4348900E4E85A /* ColorTests.swift */ = {isa = PBXFileReference; lastKnownFileType = sourcecode.swift; path = ColorTests.swift; sourceTree = "<group>"; };
		DD4777FB21D4357400E4E85A /* ImageAssets.xcassets */ = {isa = PBXFileReference; lastKnownFileType = folder.assetcatalog; path = ImageAssets.xcassets; sourceTree = "<group>"; };
		DD4777FE21D4360700E4E85A /* UIImage+Extensions.swift */ = {isa = PBXFileReference; lastKnownFileType = sourcecode.swift; path = "UIImage+Extensions.swift"; sourceTree = "<group>"; };
		DD47780021D4365500E4E85A /* ImageTests.swift */ = {isa = PBXFileReference; lastKnownFileType = sourcecode.swift; path = ImageTests.swift; sourceTree = "<group>"; };
		DD47780221D49CA000E4E85A /* MapViewSnapshotController.swift */ = {isa = PBXFileReference; lastKnownFileType = sourcecode.swift; path = MapViewSnapshotController.swift; sourceTree = "<group>"; };
		DD47780421D4A17C00E4E85A /* MKCoordinateRegion+Extensions.swift */ = {isa = PBXFileReference; lastKnownFileType = sourcecode.swift; path = "MKCoordinateRegion+Extensions.swift"; sourceTree = "<group>"; };
		DD54D1B821DF0775007DF100 /* LetsRunInputViewController.swift */ = {isa = PBXFileReference; lastKnownFileType = sourcecode.swift; path = LetsRunInputViewController.swift; sourceTree = "<group>"; };
		DD54D1BA21DF0894007DF100 /* UIButton+Extensions.swift */ = {isa = PBXFileReference; lastKnownFileType = sourcecode.swift; path = "UIButton+Extensions.swift"; sourceTree = "<group>"; };
		DD85E39021E06EFE00C64856 /* LetsRunSelectTimeSubViewController.swift */ = {isa = PBXFileReference; lastKnownFileType = sourcecode.swift; path = LetsRunSelectTimeSubViewController.swift; sourceTree = "<group>"; };
		DD85E39221E077ED00C64856 /* LetsRunSelectValueSubViewController.swift */ = {isa = PBXFileReference; lastKnownFileType = sourcecode.swift; path = LetsRunSelectValueSubViewController.swift; sourceTree = "<group>"; };
		DDAB86F121DDA2E9000D409D /* RunViewController.swift */ = {isa = PBXFileReference; lastKnownFileType = sourcecode.swift; path = RunViewController.swift; sourceTree = "<group>"; };
		DDDB8F7721A3C2C600BA5E41 /* RunrController.swift */ = {isa = PBXFileReference; lastKnownFileType = sourcecode.swift; path = RunrController.swift; sourceTree = "<group>"; };
		DDDEB5F121D5632E003F7641 /* CacheController.swift */ = {isa = PBXFileReference; lastKnownFileType = sourcecode.swift; path = CacheController.swift; sourceTree = "<group>"; };
		DDDEB5FB21D5A62B003F7641 /* RunDetailViewController.swift */ = {isa = PBXFileReference; lastKnownFileType = sourcecode.swift; path = RunDetailViewController.swift; sourceTree = "<group>"; };
		DDDEDF1721A90A09008FBADA /* ConnectivityModel.swift */ = {isa = PBXFileReference; lastKnownFileType = sourcecode.swift; path = ConnectivityModel.swift; sourceTree = "<group>"; };
		DDDEDF1B21A91848008FBADA /* Encodable+Extensions.swift */ = {isa = PBXFileReference; lastKnownFileType = sourcecode.swift; path = "Encodable+Extensions.swift"; sourceTree = "<group>"; };
		DDDEE3AC21324CF000C8DC65 /* Run.swift */ = {isa = PBXFileReference; lastKnownFileType = sourcecode.swift; path = Run.swift; sourceTree = "<group>"; };
		DDDEE3AE2132572900C8DC65 /* Location.swift */ = {isa = PBXFileReference; lastKnownFileType = sourcecode.swift; path = Location.swift; sourceTree = "<group>"; };
		DDDEE3B1213259D500C8DC65 /* RunningController.swift */ = {isa = PBXFileReference; lastKnownFileType = sourcecode.swift; path = RunningController.swift; sourceTree = "<group>"; };
		DDDEE3B3213259E300C8DC65 /* DataController.swift */ = {isa = PBXFileReference; lastKnownFileType = sourcecode.swift; path = DataController.swift; sourceTree = "<group>"; };
		DDDEE3B521325E0C00C8DC65 /* HeartRateObject.swift */ = {isa = PBXFileReference; lastKnownFileType = sourcecode.swift; path = HeartRateObject.swift; sourceTree = "<group>"; };
		DDDEE3B721334CA400C8DC65 /* LocationController.swift */ = {isa = PBXFileReference; lastKnownFileType = sourcecode.swift; path = LocationController.swift; sourceTree = "<group>"; };
		DDE26A5B219FBC840097D731 /* MainInterfaceController.swift */ = {isa = PBXFileReference; lastKnownFileType = sourcecode.swift; path = MainInterfaceController.swift; sourceTree = "<group>"; };
		DDE26A5F219FBE1A0097D731 /* WorkoutInterface.storyboard */ = {isa = PBXFileReference; lastKnownFileType = file.storyboard; path = WorkoutInterface.storyboard; sourceTree = "<group>"; };
		DDEAD22C21E5A73E0078F55C /* DetailSubViewController.swift */ = {isa = PBXFileReference; lastKnownFileType = sourcecode.swift; path = DetailSubViewController.swift; sourceTree = "<group>"; };
		DDF1C471218BF47B00557C11 /* Watch.app */ = {isa = PBXFileReference; explicitFileType = wrapper.application; includeInIndex = 0; path = Watch.app; sourceTree = BUILT_PRODUCTS_DIR; };
		DDF1C474218BF47C00557C11 /* Base */ = {isa = PBXFileReference; lastKnownFileType = file.storyboard; name = Base; path = Base.lproj/MainInterface.storyboard; sourceTree = "<group>"; };
		DDF1C476218BF47E00557C11 /* Assets.xcassets */ = {isa = PBXFileReference; lastKnownFileType = folder.assetcatalog; path = Assets.xcassets; sourceTree = "<group>"; };
		DDF1C478218BF47E00557C11 /* Info.plist */ = {isa = PBXFileReference; lastKnownFileType = text.plist.xml; path = Info.plist; sourceTree = "<group>"; };
		DDF1C47D218BF47E00557C11 /* Watch Extension.appex */ = {isa = PBXFileReference; explicitFileType = "wrapper.app-extension"; includeInIndex = 0; path = "Watch Extension.appex"; sourceTree = BUILT_PRODUCTS_DIR; };
		DDF1C484218BF47E00557C11 /* ExtensionDelegate.swift */ = {isa = PBXFileReference; lastKnownFileType = sourcecode.swift; path = ExtensionDelegate.swift; sourceTree = "<group>"; };
		DDF1C486218BF47E00557C11 /* NotificationController.swift */ = {isa = PBXFileReference; lastKnownFileType = sourcecode.swift; path = NotificationController.swift; sourceTree = "<group>"; };
		DDF1C488218BF47F00557C11 /* Assets.xcassets */ = {isa = PBXFileReference; lastKnownFileType = folder.assetcatalog; path = Assets.xcassets; sourceTree = "<group>"; };
		DDF1C48A218BF47F00557C11 /* Info.plist */ = {isa = PBXFileReference; lastKnownFileType = text.plist.xml; path = Info.plist; sourceTree = "<group>"; };
		DDF1C48B218BF47F00557C11 /* PushNotificationPayload.apns */ = {isa = PBXFileReference; lastKnownFileType = text; path = PushNotificationPayload.apns; sourceTree = "<group>"; };
		DDF2B4F121C8AD7400290969 /* UIColor+Extensions.swift */ = {isa = PBXFileReference; lastKnownFileType = sourcecode.swift; path = "UIColor+Extensions.swift"; sourceTree = "<group>"; };
		DDFD6E852176CA3E001E3C76 /* Runr.entitlements */ = {isa = PBXFileReference; lastKnownFileType = text.plist.entitlements; path = Runr.entitlements; sourceTree = "<group>"; };
		DDFD6E862176CA3E001E3C76 /* HealthKit.framework */ = {isa = PBXFileReference; lastKnownFileType = wrapper.framework; name = HealthKit.framework; path = System/Library/Frameworks/HealthKit.framework; sourceTree = SDKROOT; };
/* End PBXFileReference section */

/* Begin PBXFrameworksBuildPhase section */
		7E737726C74F749A28E25C42 /* Frameworks */ = {
			isa = PBXFrameworksBuildPhase;
			buildActionMask = 2147483647;
			files = (
			);
			runOnlyForDeploymentPostprocessing = 0;
		};
		DD21B4B921321B94004B22E7 /* Frameworks */ = {
			isa = PBXFrameworksBuildPhase;
			buildActionMask = 2147483647;
			files = (
				CD971F57DD093263C4528BDF /* Pods_Runr.framework in Frameworks */,
				DDFD6E872176CA3E001E3C76 /* HealthKit.framework in Frameworks */,
			);
			runOnlyForDeploymentPostprocessing = 0;
		};
		DD21B4CD21321B96004B22E7 /* Frameworks */ = {
			isa = PBXFrameworksBuildPhase;
			buildActionMask = 2147483647;
			files = (
				AD401646C6D9F31D08CBFA0B /* Pods_RunrTests.framework in Frameworks */,
			);
			runOnlyForDeploymentPostprocessing = 0;
		};
		DDF1C47A218BF47E00557C11 /* Frameworks */ = {
			isa = PBXFrameworksBuildPhase;
			buildActionMask = 2147483647;
			files = (
				DD1C6543219A77B0001F3407 /* HealthKit.framework in Frameworks */,
			);
			runOnlyForDeploymentPostprocessing = 0;
		};
/* End PBXFrameworksBuildPhase section */

/* Begin PBXGroup section */
		047D939FE787300865D71BB3 /* Frameworks */ = {
			isa = PBXGroup;
			children = (
				DD1C6542219A77B0001F3407 /* HealthKit.framework */,
				DDFD6E862176CA3E001E3C76 /* HealthKit.framework */,
				30FD183EB645688C170A691A /* Pods_Runr.framework */,
				94F0BFAB670617FBACD55610 /* Pods_RunrTests.framework */,
			);
			name = Frameworks;
			sourceTree = "<group>";
		};
		4B9BFD9B8B4C51746B0054C3 /* Pods */ = {
			isa = PBXGroup;
			children = (
				88F96C4D40C6091F5FE35233 /* Pods-Runr.debug.xcconfig */,
				D95966DFA07AB8B2BE7900DA /* Pods-Runr.release.xcconfig */,
				09ABC4776AD126FC47039E18 /* Pods-RunrTests.debug.xcconfig */,
				666DCBE3BFC69ED469EA4D45 /* Pods-RunrTests.release.xcconfig */,
			);
			name = Pods;
			sourceTree = "<group>";
		};
		DD09BA2E216AF127002090B8 /* View Controllers */ = {
			isa = PBXGroup;
			children = (
				DD21B4C121321B94004B22E7 /* RunMainViewController.swift */,
				DD09BA30216AF21B002090B8 /* RunListViewController.swift */,
				DDDEB5FB21D5A62B003F7641 /* RunDetailViewController.swift */,
				DD29A73121D7393900D6CEB6 /* LetsRunViewController.swift */,
				DDAB86F121DDA2E9000D409D /* RunViewController.swift */,
				DD54D1B721DF0637007DF100 /* Lets Run Subviews */,
				DDEAD22B21E5A67A0078F55C /* Sub View Controllers */,
			);
			path = "View Controllers";
			sourceTree = "<group>";
		};
		DD09BA32216B0551002090B8 /* Extensions */ = {
			isa = PBXGroup;
			children = (
				DD09BA33216B056A002090B8 /* UIViewController+Extensions.swift */,
				DDF2B4F121C8AD7400290969 /* UIColor+Extensions.swift */,
				DD4777F521D4152600E4E85A /* Date+Extensions.swift */,
				DD4777FE21D4360700E4E85A /* UIImage+Extensions.swift */,
				DD47780421D4A17C00E4E85A /* MKCoordinateRegion+Extensions.swift */,
				DD54D1BA21DF0894007DF100 /* UIButton+Extensions.swift */,
			);
			path = Extensions;
			sourceTree = "<group>";
		};
		DD21B4B321321B94004B22E7 = {
			isa = PBXGroup;
			children = (
				DDE6263021A122D600C89F61 /* Shared */,
				DD21B4BE21321B94004B22E7 /* Runr */,
				DD21B4D321321B96004B22E7 /* RunrTests */,
				DDF1C472218BF47C00557C11 /* Watch */,
				DDF1C481218BF47E00557C11 /* Watch Extension */,
				DD21B4BD21321B94004B22E7 /* Products */,
				4B9BFD9B8B4C51746B0054C3 /* Pods */,
				047D939FE787300865D71BB3 /* Frameworks */,
			);
			sourceTree = "<group>";
		};
		DD21B4BD21321B94004B22E7 /* Products */ = {
			isa = PBXGroup;
			children = (
				DD21B4BC21321B94004B22E7 /* Runr.app */,
				DD21B4D021321B96004B22E7 /* RunrTests.xctest */,
				DDF1C471218BF47B00557C11 /* Watch.app */,
				DDF1C47D218BF47E00557C11 /* Watch Extension.appex */,
			);
			name = Products;
			sourceTree = "<group>";
		};
		DD21B4BE21321B94004B22E7 /* Runr */ = {
			isa = PBXGroup;
			children = (
				DD21B4BF21321B94004B22E7 /* AppDelegate.swift */,
				DD09BA2E216AF127002090B8 /* View Controllers */,
				DDDEE3B0213259A900C8DC65 /* Controllers */,
				DDDEE3AB21324CDE00C8DC65 /* Model */,
				DD2ABE9421CF445900F7F0EA /* Table View Cells */,
				DD09BA32216B0551002090B8 /* Extensions */,
				DD4777FD21D4358000E4E85A /* Assets */,
				DD21B4C821321B96004B22E7 /* LaunchScreen.storyboard */,
				DDFFF41A218564920089FEF7 /* Info */,
			);
			path = Runr;
			sourceTree = "<group>";
		};
		DD21B4D321321B96004B22E7 /* RunrTests */ = {
			isa = PBXGroup;
			children = (
				DD21B4D421321B96004B22E7 /* RunrTests.swift */,
				DD4777F921D4348900E4E85A /* ColorTests.swift */,
				DD47780021D4365500E4E85A /* ImageTests.swift */,
				DD21B4D621321B96004B22E7 /* Info.plist */,
			);
			path = RunrTests;
			sourceTree = "<group>";
		};
		DD2ABE9421CF445900F7F0EA /* Table View Cells */ = {
			isa = PBXGroup;
			children = (
				DD2ABE9521CF44D100F7F0EA /* RunTableViewCell.swift */,
			);
			path = "Table View Cells";
			sourceTree = "<group>";
		};
		DD4777FD21D4358000E4E85A /* Assets */ = {
			isa = PBXGroup;
			children = (
				DD21B4C621321B96004B22E7 /* AppIconAssets.xcassets */,
				DD4777FB21D4357400E4E85A /* ImageAssets.xcassets */,
				DD4777F721D433AD00E4E85A /* ColorAssets.xcassets */,
			);
			path = Assets;
			sourceTree = "<group>";
		};
		DD54D1B721DF0637007DF100 /* Lets Run Subviews */ = {
			isa = PBXGroup;
			children = (
				DD54D1B821DF0775007DF100 /* LetsRunInputViewController.swift */,
				DD85E39021E06EFE00C64856 /* LetsRunSelectTimeSubViewController.swift */,
				DD85E39221E077ED00C64856 /* LetsRunSelectValueSubViewController.swift */,
			);
			path = "Lets Run Subviews";
			sourceTree = "<group>";
		};
		DDDEDF1A21A91831008FBADA /* Extensions */ = {
			isa = PBXGroup;
			children = (
				DDDEDF1B21A91848008FBADA /* Encodable+Extensions.swift */,
			);
			path = Extensions;
			sourceTree = "<group>";
		};
		DDDEE3AB21324CDE00C8DC65 /* Model */ = {
			isa = PBXGroup;
			children = (
				DDDEE3AC21324CF000C8DC65 /* Run.swift */,
				DDDEE3AE2132572900C8DC65 /* Location.swift */,
				DDDEE3B521325E0C00C8DC65 /* HeartRateObject.swift */,
				DD304B0D216C4A6100ABE7C2 /* Coordinate.swift */,
			);
			path = Model;
			sourceTree = "<group>";
		};
		DDDEE3B0213259A900C8DC65 /* Controllers */ = {
			isa = PBXGroup;
			children = (
				DDDB8F7721A3C2C600BA5E41 /* RunrController.swift */,
				DDDEE3B1213259D500C8DC65 /* RunningController.swift */,
				DDDEE3B3213259E300C8DC65 /* DataController.swift */,
				DD47780221D49CA000E4E85A /* MapViewSnapshotController.swift */,
			);
			path = Controllers;
			sourceTree = "<group>";
		};
		DDE26A5D219FBC900097D731 /* Storyboards */ = {
			isa = PBXGroup;
			children = (
				DDF1C473218BF47C00557C11 /* MainInterface.storyboard */,
				DDE26A5F219FBE1A0097D731 /* WorkoutInterface.storyboard */,
			);
			path = Storyboards;
			sourceTree = "<group>";
		};
		DDE26A5E219FBCF40097D731 /* Interface Controllers */ = {
			isa = PBXGroup;
			children = (
				DDE26A5B219FBC840097D731 /* MainInterfaceController.swift */,
				DD1C653F219A7555001F3407 /* WorkoutInterfaceController.swift */,
			);
			path = "Interface Controllers";
			sourceTree = "<group>";
		};
		DDE6263021A122D600C89F61 /* Shared */ = {
			isa = PBXGroup;
			children = (
				DDDEDF1A21A91831008FBADA /* Extensions */,
				DDE6263121A123A400C89F61 /* Controllers */,
			);
			path = Shared;
			sourceTree = "<group>";
		};
		DDE6263121A123A400C89F61 /* Controllers */ = {
			isa = PBXGroup;
			children = (
				DDDEE3B721334CA400C8DC65 /* LocationController.swift */,
				DD45F16E21A1277500C1DA72 /* ConnectivityController.swift */,
				DDDEDF1721A90A09008FBADA /* ConnectivityModel.swift */,
				DDDEB5F121D5632E003F7641 /* CacheController.swift */,
			);
			path = Controllers;
			sourceTree = "<group>";
		};
		DDEAD22B21E5A67A0078F55C /* Sub View Controllers */ = {
			isa = PBXGroup;
			children = (
				DDEAD22C21E5A73E0078F55C /* DetailSubViewController.swift */,
			);
			path = "Sub View Controllers";
			sourceTree = "<group>";
		};
		DDF1C472218BF47C00557C11 /* Watch */ = {
			isa = PBXGroup;
			children = (
				DDE26A5D219FBC900097D731 /* Storyboards */,
				DDF1C476218BF47E00557C11 /* Assets.xcassets */,
				DDF1C478218BF47E00557C11 /* Info.plist */,
			);
			path = Watch;
			sourceTree = "<group>";
		};
		DDF1C481218BF47E00557C11 /* Watch Extension */ = {
			isa = PBXGroup;
			children = (
				DDE26A5E219FBCF40097D731 /* Interface Controllers */,
				DD1C6541219A77B0001F3407 /* Watch Extension.entitlements */,
				DDF1C484218BF47E00557C11 /* ExtensionDelegate.swift */,
				DDF1C486218BF47E00557C11 /* NotificationController.swift */,
				DDF1C488218BF47F00557C11 /* Assets.xcassets */,
				DDF1C48A218BF47F00557C11 /* Info.plist */,
				DDF1C48B218BF47F00557C11 /* PushNotificationPayload.apns */,
			);
			path = "Watch Extension";
			sourceTree = "<group>";
		};
		DDFFF41A218564920089FEF7 /* Info */ = {
			isa = PBXGroup;
			children = (
				DD21B4CB21321B96004B22E7 /* Info.plist */,
				DDFD6E852176CA3E001E3C76 /* Runr.entitlements */,
			);
			path = Info;
			sourceTree = "<group>";
		};
/* End PBXGroup section */

/* Begin PBXNativeTarget section */
		DD21B4BB21321B94004B22E7 /* Runr */ = {
			isa = PBXNativeTarget;
			buildConfigurationList = DD21B4D921321B96004B22E7 /* Build configuration list for PBXNativeTarget "Runr" */;
			buildPhases = (
				275D5346BCCA8341070297C6 /* [CP] Check Pods Manifest.lock */,
				DD21B4B821321B94004B22E7 /* Sources */,
				DD21B4B921321B94004B22E7 /* Frameworks */,
				DD21B4BA21321B94004B22E7 /* Resources */,
				DD21B4DF21321C4F004B22E7 /* ShellScript */,
				C8DE0DACEE0769209E3114A5 /* [CP] Embed Pods Frameworks */,
				DDF1C496218BF47F00557C11 /* Embed Watch Content */,
			);
			buildRules = (
			);
			dependencies = (
				DDF1C48D218BF47F00557C11 /* PBXTargetDependency */,
			);
			name = Runr;
			productName = Runr;
			productReference = DD21B4BC21321B94004B22E7 /* Runr.app */;
			productType = "com.apple.product-type.application";
		};
		DD21B4CF21321B96004B22E7 /* RunrTests */ = {
			isa = PBXNativeTarget;
			buildConfigurationList = DD21B4DC21321B96004B22E7 /* Build configuration list for PBXNativeTarget "RunrTests" */;
			buildPhases = (
				6EF80AA15F20DEA77D347CFA /* [CP] Check Pods Manifest.lock */,
				DD21B4CC21321B96004B22E7 /* Sources */,
				DD21B4CD21321B96004B22E7 /* Frameworks */,
				DD21B4CE21321B96004B22E7 /* Resources */,
			);
			buildRules = (
			);
			dependencies = (
				DD21B4D221321B96004B22E7 /* PBXTargetDependency */,
			);
			name = RunrTests;
			productName = RunrTests;
			productReference = DD21B4D021321B96004B22E7 /* RunrTests.xctest */;
			productType = "com.apple.product-type.bundle.unit-test";
		};
		DDF1C470218BF47B00557C11 /* Watch */ = {
			isa = PBXNativeTarget;
			buildConfigurationList = DDF1C493218BF47F00557C11 /* Build configuration list for PBXNativeTarget "Watch" */;
			buildPhases = (
				DDF1C46F218BF47B00557C11 /* Resources */,
				DDF1C492218BF47F00557C11 /* Embed App Extensions */,
				7E737726C74F749A28E25C42 /* Frameworks */,
			);
			buildRules = (
			);
			dependencies = (
				DDF1C480218BF47E00557C11 /* PBXTargetDependency */,
			);
			name = Watch;
			productName = Watch;
			productReference = DDF1C471218BF47B00557C11 /* Watch.app */;
			productType = "com.apple.product-type.application.watchapp2";
		};
		DDF1C47C218BF47E00557C11 /* Watch Extension */ = {
			isa = PBXNativeTarget;
			buildConfigurationList = DDF1C48F218BF47F00557C11 /* Build configuration list for PBXNativeTarget "Watch Extension" */;
			buildPhases = (
				DDF1C479218BF47E00557C11 /* Sources */,
				DDF1C47A218BF47E00557C11 /* Frameworks */,
				DDF1C47B218BF47E00557C11 /* Resources */,
			);
			buildRules = (
			);
			dependencies = (
			);
			name = "Watch Extension";
			productName = "Watch Extension";
			productReference = DDF1C47D218BF47E00557C11 /* Watch Extension.appex */;
			productType = "com.apple.product-type.watchkit2-extension";
		};
/* End PBXNativeTarget section */

/* Begin PBXProject section */
		DD21B4B421321B94004B22E7 /* Project object */ = {
			isa = PBXProject;
			attributes = {
				LastSwiftUpdateCheck = 1010;
				LastUpgradeCheck = 1000;
				ORGANIZATIONNAME = "Philip Sawyer";
				TargetAttributes = {
					DD21B4BB21321B94004B22E7 = {
						CreatedOnToolsVersion = 10.0;
						SystemCapabilities = {
							com.apple.BackgroundModes = {
								enabled = 1;
							};
							com.apple.HealthKit = {
								enabled = 1;
							};
						};
					};
					DD21B4CF21321B96004B22E7 = {
						CreatedOnToolsVersion = 10.0;
						TestTargetID = DD21B4BB21321B94004B22E7;
					};
					DDF1C470218BF47B00557C11 = {
						CreatedOnToolsVersion = 10.1;
					};
					DDF1C47C218BF47E00557C11 = {
						CreatedOnToolsVersion = 10.1;
						SystemCapabilities = {
							com.apple.BackgroundModes.watchos.extension = {
								enabled = 1;
							};
							com.apple.HealthKit.watchos = {
								enabled = 1;
							};
						};
					};
				};
			};
			buildConfigurationList = DD21B4B721321B94004B22E7 /* Build configuration list for PBXProject "Runr" */;
			compatibilityVersion = "Xcode 9.3";
			developmentRegion = en;
			hasScannedForEncodings = 0;
			knownRegions = (
				en,
				Base,
			);
			mainGroup = DD21B4B321321B94004B22E7;
			productRefGroup = DD21B4BD21321B94004B22E7 /* Products */;
			projectDirPath = "";
			projectRoot = "";
			targets = (
				DD21B4BB21321B94004B22E7 /* Runr */,
				DD21B4CF21321B96004B22E7 /* RunrTests */,
				DDF1C470218BF47B00557C11 /* Watch */,
				DDF1C47C218BF47E00557C11 /* Watch Extension */,
			);
		};
/* End PBXProject section */

/* Begin PBXResourcesBuildPhase section */
		DD21B4BA21321B94004B22E7 /* Resources */ = {
			isa = PBXResourcesBuildPhase;
			buildActionMask = 2147483647;
			files = (
				DD21B4CA21321B96004B22E7 /* LaunchScreen.storyboard in Resources */,
				DD4777F821D433AD00E4E85A /* ColorAssets.xcassets in Resources */,
				DD4777FC21D4357400E4E85A /* ImageAssets.xcassets in Resources */,
				DD21B4C721321B96004B22E7 /* AppIconAssets.xcassets in Resources */,
			);
			runOnlyForDeploymentPostprocessing = 0;
		};
		DD21B4CE21321B96004B22E7 /* Resources */ = {
			isa = PBXResourcesBuildPhase;
			buildActionMask = 2147483647;
			files = (
			);
			runOnlyForDeploymentPostprocessing = 0;
		};
		DDF1C46F218BF47B00557C11 /* Resources */ = {
			isa = PBXResourcesBuildPhase;
			buildActionMask = 2147483647;
			files = (
				DDE26A60219FBE1A0097D731 /* WorkoutInterface.storyboard in Resources */,
				DDF1C477218BF47E00557C11 /* Assets.xcassets in Resources */,
				DDF1C475218BF47C00557C11 /* MainInterface.storyboard in Resources */,
			);
			runOnlyForDeploymentPostprocessing = 0;
		};
		DDF1C47B218BF47E00557C11 /* Resources */ = {
			isa = PBXResourcesBuildPhase;
			buildActionMask = 2147483647;
			files = (
				DDF1C489218BF47F00557C11 /* Assets.xcassets in Resources */,
			);
			runOnlyForDeploymentPostprocessing = 0;
		};
/* End PBXResourcesBuildPhase section */

/* Begin PBXShellScriptBuildPhase section */
		275D5346BCCA8341070297C6 /* [CP] Check Pods Manifest.lock */ = {
			isa = PBXShellScriptBuildPhase;
			buildActionMask = 2147483647;
			files = (
			);
			inputPaths = (
				"${PODS_PODFILE_DIR_PATH}/Podfile.lock",
				"${PODS_ROOT}/Manifest.lock",
			);
			name = "[CP] Check Pods Manifest.lock";
			outputPaths = (
				"$(DERIVED_FILE_DIR)/Pods-Runr-checkManifestLockResult.txt",
			);
			runOnlyForDeploymentPostprocessing = 0;
			shellPath = /bin/sh;
			shellScript = "diff \"${PODS_PODFILE_DIR_PATH}/Podfile.lock\" \"${PODS_ROOT}/Manifest.lock\" > /dev/null\nif [ $? != 0 ] ; then\n    # print error to STDERR\n    echo \"error: The sandbox is not in sync with the Podfile.lock. Run 'pod install' or update your CocoaPods installation.\" >&2\n    exit 1\nfi\n# This output is used by Xcode 'outputs' to avoid re-running this script phase.\necho \"SUCCESS\" > \"${SCRIPT_OUTPUT_FILE_0}\"\n";
			showEnvVarsInLog = 0;
		};
		6EF80AA15F20DEA77D347CFA /* [CP] Check Pods Manifest.lock */ = {
			isa = PBXShellScriptBuildPhase;
			buildActionMask = 2147483647;
			files = (
			);
			inputPaths = (
				"${PODS_PODFILE_DIR_PATH}/Podfile.lock",
				"${PODS_ROOT}/Manifest.lock",
			);
			name = "[CP] Check Pods Manifest.lock";
			outputPaths = (
				"$(DERIVED_FILE_DIR)/Pods-RunrTests-checkManifestLockResult.txt",
			);
			runOnlyForDeploymentPostprocessing = 0;
			shellPath = /bin/sh;
			shellScript = "diff \"${PODS_PODFILE_DIR_PATH}/Podfile.lock\" \"${PODS_ROOT}/Manifest.lock\" > /dev/null\nif [ $? != 0 ] ; then\n    # print error to STDERR\n    echo \"error: The sandbox is not in sync with the Podfile.lock. Run 'pod install' or update your CocoaPods installation.\" >&2\n    exit 1\nfi\n# This output is used by Xcode 'outputs' to avoid re-running this script phase.\necho \"SUCCESS\" > \"${SCRIPT_OUTPUT_FILE_0}\"\n";
			showEnvVarsInLog = 0;
		};
		C8DE0DACEE0769209E3114A5 /* [CP] Embed Pods Frameworks */ = {
			isa = PBXShellScriptBuildPhase;
			buildActionMask = 2147483647;
			files = (
			);
			inputPaths = (
				"${SRCROOT}/Pods/Target Support Files/Pods-Runr/Pods-Runr-frameworks.sh",
				"${BUILT_PRODUCTS_DIR}/Realm/Realm.framework",
				"${BUILT_PRODUCTS_DIR}/RealmSwift/RealmSwift.framework",
				"${BUILT_PRODUCTS_DIR}/SnapKit/SnapKit.framework",
			);
			name = "[CP] Embed Pods Frameworks";
			outputPaths = (
				"${TARGET_BUILD_DIR}/${FRAMEWORKS_FOLDER_PATH}/Realm.framework",
				"${TARGET_BUILD_DIR}/${FRAMEWORKS_FOLDER_PATH}/RealmSwift.framework",
				"${TARGET_BUILD_DIR}/${FRAMEWORKS_FOLDER_PATH}/SnapKit.framework",
			);
			runOnlyForDeploymentPostprocessing = 0;
			shellPath = /bin/sh;
			shellScript = "\"${SRCROOT}/Pods/Target Support Files/Pods-Runr/Pods-Runr-frameworks.sh\"\n";
			showEnvVarsInLog = 0;
		};
		DD21B4DF21321C4F004B22E7 /* ShellScript */ = {
			isa = PBXShellScriptBuildPhase;
			buildActionMask = 2147483647;
			files = (
			);
			inputPaths = (
			);
			outputPaths = (
			);
			runOnlyForDeploymentPostprocessing = 0;
			shellPath = /bin/sh;
			shellScript = "if which swiftlint >/dev/null; then\nswiftlint\nelse\necho \"warning: SwiftLint not installed, download from https://github.com/realm/SwiftLint\"\nfi\n";
		};
/* End PBXShellScriptBuildPhase section */

/* Begin PBXSourcesBuildPhase section */
		DD21B4B821321B94004B22E7 /* Sources */ = {
			isa = PBXSourcesBuildPhase;
			buildActionMask = 2147483647;
			files = (
				DD85E39121E06EFE00C64856 /* LetsRunSelectTimeSubViewController.swift in Sources */,
				DD54D1B921DF0775007DF100 /* LetsRunInputViewController.swift in Sources */,
				DDDEE3B821334CA400C8DC65 /* LocationController.swift in Sources */,
				DD21B4C221321B94004B22E7 /* RunMainViewController.swift in Sources */,
				DDDEE3B621325E0C00C8DC65 /* HeartRateObject.swift in Sources */,
				DD09BA31216AF21B002090B8 /* RunListViewController.swift in Sources */,
				DD85E39321E077ED00C64856 /* LetsRunSelectValueSubViewController.swift in Sources */,
				DDDEE3B4213259E300C8DC65 /* DataController.swift in Sources */,
				DD304B0E216C4A6100ABE7C2 /* Coordinate.swift in Sources */,
				DDDEE3AD21324CF000C8DC65 /* Run.swift in Sources */,
				DD47780521D4A17C00E4E85A /* MKCoordinateRegion+Extensions.swift in Sources */,
				DDDEDF1C21A91848008FBADA /* Encodable+Extensions.swift in Sources */,
				DDDEE3AF2132572900C8DC65 /* Location.swift in Sources */,
				DDDEB5F221D5632E003F7641 /* CacheController.swift in Sources */,
				DD21B4C021321B94004B22E7 /* AppDelegate.swift in Sources */,
				DDEAD22D21E5A73E0078F55C /* DetailSubViewController.swift in Sources */,
				DD54D1BB21DF0894007DF100 /* UIButton+Extensions.swift in Sources */,
				DDDEE3B2213259D500C8DC65 /* RunningController.swift in Sources */,
				DD47780321D49CA000E4E85A /* MapViewSnapshotController.swift in Sources */,
				DDAB86F221DDA2E9000D409D /* RunViewController.swift in Sources */,
				DD4777F621D4152600E4E85A /* Date+Extensions.swift in Sources */,
				DDF2B4F221C8AD7400290969 /* UIColor+Extensions.swift in Sources */,
				DD45F16F21A1277500C1DA72 /* ConnectivityController.swift in Sources */,
				DD2ABE9621CF44D100F7F0EA /* RunTableViewCell.swift in Sources */,
				DD29A73221D7393900D6CEB6 /* LetsRunViewController.swift in Sources */,
				DDDEB5FC21D5A62B003F7641 /* RunDetailViewController.swift in Sources */,
				DDDB8F7821A3C2C600BA5E41 /* RunrController.swift in Sources */,
				DD4777FF21D4360700E4E85A /* UIImage+Extensions.swift in Sources */,
				DDDEDF1821A90A09008FBADA /* ConnectivityModel.swift in Sources */,
				DD09BA34216B056A002090B8 /* UIViewController+Extensions.swift in Sources */,
			);
			runOnlyForDeploymentPostprocessing = 0;
		};
		DD21B4CC21321B96004B22E7 /* Sources */ = {
			isa = PBXSourcesBuildPhase;
			buildActionMask = 2147483647;
			files = (
				DD21B4D521321B96004B22E7 /* RunrTests.swift in Sources */,
				DD47780121D4365500E4E85A /* ImageTests.swift in Sources */,
				DD4777FA21D4348900E4E85A /* ColorTests.swift in Sources */,
			);
			runOnlyForDeploymentPostprocessing = 0;
		};
		DDF1C479218BF47E00557C11 /* Sources */ = {
			isa = PBXSourcesBuildPhase;
			buildActionMask = 2147483647;
			files = (
				DDF1C487218BF47E00557C11 /* NotificationController.swift in Sources */,
				DDF1C485218BF47E00557C11 /* ExtensionDelegate.swift in Sources */,
				DDE26A5C219FBC840097D731 /* MainInterfaceController.swift in Sources */,
				DDAB3B6C21A106CE0014C240 /* LocationController.swift in Sources */,
				DD45F17021A1277A00C1DA72 /* ConnectivityController.swift in Sources */,
				DDDEDF1D21A9185A008FBADA /* Encodable+Extensions.swift in Sources */,
				DDDEDF1921A90A0D008FBADA /* ConnectivityModel.swift in Sources */,
				DD1C6540219A7555001F3407 /* WorkoutInterfaceController.swift in Sources */,
				DDDEB5F321D56337003F7641 /* CacheController.swift in Sources */,
			);
			runOnlyForDeploymentPostprocessing = 0;
		};
/* End PBXSourcesBuildPhase section */

/* Begin PBXTargetDependency section */
		DD21B4D221321B96004B22E7 /* PBXTargetDependency */ = {
			isa = PBXTargetDependency;
			target = DD21B4BB21321B94004B22E7 /* Runr */;
			targetProxy = DD21B4D121321B96004B22E7 /* PBXContainerItemProxy */;
		};
		DDF1C480218BF47E00557C11 /* PBXTargetDependency */ = {
			isa = PBXTargetDependency;
			target = DDF1C47C218BF47E00557C11 /* Watch Extension */;
			targetProxy = DDF1C47F218BF47E00557C11 /* PBXContainerItemProxy */;
		};
		DDF1C48D218BF47F00557C11 /* PBXTargetDependency */ = {
			isa = PBXTargetDependency;
			target = DDF1C470218BF47B00557C11 /* Watch */;
			targetProxy = DDF1C48C218BF47F00557C11 /* PBXContainerItemProxy */;
		};
/* End PBXTargetDependency section */

/* Begin PBXVariantGroup section */
		DD21B4C821321B96004B22E7 /* LaunchScreen.storyboard */ = {
			isa = PBXVariantGroup;
			children = (
				DD21B4C921321B96004B22E7 /* Base */,
			);
			name = LaunchScreen.storyboard;
			sourceTree = "<group>";
		};
		DDF1C473218BF47C00557C11 /* MainInterface.storyboard */ = {
			isa = PBXVariantGroup;
			children = (
				DDF1C474218BF47C00557C11 /* Base */,
			);
			name = MainInterface.storyboard;
			sourceTree = "<group>";
		};
/* End PBXVariantGroup section */

/* Begin XCBuildConfiguration section */
		DD21B4D721321B96004B22E7 /* Debug */ = {
			isa = XCBuildConfiguration;
			buildSettings = {
				ALWAYS_SEARCH_USER_PATHS = NO;
				CLANG_ANALYZER_NONNULL = YES;
				CLANG_ANALYZER_NUMBER_OBJECT_CONVERSION = YES_AGGRESSIVE;
				CLANG_CXX_LANGUAGE_STANDARD = "gnu++14";
				CLANG_CXX_LIBRARY = "libc++";
				CLANG_ENABLE_MODULES = YES;
				CLANG_ENABLE_OBJC_ARC = YES;
				CLANG_ENABLE_OBJC_WEAK = YES;
				CLANG_WARN_BLOCK_CAPTURE_AUTORELEASING = YES;
				CLANG_WARN_BOOL_CONVERSION = YES;
				CLANG_WARN_COMMA = YES;
				CLANG_WARN_CONSTANT_CONVERSION = YES;
				CLANG_WARN_DEPRECATED_OBJC_IMPLEMENTATIONS = YES;
				CLANG_WARN_DIRECT_OBJC_ISA_USAGE = YES_ERROR;
				CLANG_WARN_DOCUMENTATION_COMMENTS = YES;
				CLANG_WARN_EMPTY_BODY = YES;
				CLANG_WARN_ENUM_CONVERSION = YES;
				CLANG_WARN_INFINITE_RECURSION = YES;
				CLANG_WARN_INT_CONVERSION = YES;
				CLANG_WARN_NON_LITERAL_NULL_CONVERSION = YES;
				CLANG_WARN_OBJC_IMPLICIT_RETAIN_SELF = YES;
				CLANG_WARN_OBJC_LITERAL_CONVERSION = YES;
				CLANG_WARN_OBJC_ROOT_CLASS = YES_ERROR;
				CLANG_WARN_RANGE_LOOP_ANALYSIS = YES;
				CLANG_WARN_STRICT_PROTOTYPES = YES;
				CLANG_WARN_SUSPICIOUS_MOVE = YES;
				CLANG_WARN_UNGUARDED_AVAILABILITY = YES_AGGRESSIVE;
				CLANG_WARN_UNREACHABLE_CODE = YES;
				CLANG_WARN__DUPLICATE_METHOD_MATCH = YES;
				CODE_SIGN_IDENTITY = "iPhone Developer";
				COPY_PHASE_STRIP = NO;
				DEBUG_INFORMATION_FORMAT = dwarf;
				ENABLE_STRICT_OBJC_MSGSEND = YES;
				ENABLE_TESTABILITY = YES;
				GCC_C_LANGUAGE_STANDARD = gnu11;
				GCC_DYNAMIC_NO_PIC = NO;
				GCC_NO_COMMON_BLOCKS = YES;
				GCC_OPTIMIZATION_LEVEL = 0;
				GCC_PREPROCESSOR_DEFINITIONS = (
					"DEBUG=1",
					"$(inherited)",
				);
				GCC_WARN_64_TO_32_BIT_CONVERSION = YES;
				GCC_WARN_ABOUT_RETURN_TYPE = YES_ERROR;
				GCC_WARN_UNDECLARED_SELECTOR = YES;
				GCC_WARN_UNINITIALIZED_AUTOS = YES_AGGRESSIVE;
				GCC_WARN_UNUSED_FUNCTION = YES;
				GCC_WARN_UNUSED_VARIABLE = YES;
				IPHONEOS_DEPLOYMENT_TARGET = 12.0;
				MTL_ENABLE_DEBUG_INFO = INCLUDE_SOURCE;
				MTL_FAST_MATH = YES;
				ONLY_ACTIVE_ARCH = YES;
				SDKROOT = iphoneos;
				SWIFT_ACTIVE_COMPILATION_CONDITIONS = DEBUG;
				SWIFT_OPTIMIZATION_LEVEL = "-Onone";
			};
			name = Debug;
		};
		DD21B4D821321B96004B22E7 /* Release */ = {
			isa = XCBuildConfiguration;
			buildSettings = {
				ALWAYS_SEARCH_USER_PATHS = NO;
				CLANG_ANALYZER_NONNULL = YES;
				CLANG_ANALYZER_NUMBER_OBJECT_CONVERSION = YES_AGGRESSIVE;
				CLANG_CXX_LANGUAGE_STANDARD = "gnu++14";
				CLANG_CXX_LIBRARY = "libc++";
				CLANG_ENABLE_MODULES = YES;
				CLANG_ENABLE_OBJC_ARC = YES;
				CLANG_ENABLE_OBJC_WEAK = YES;
				CLANG_WARN_BLOCK_CAPTURE_AUTORELEASING = YES;
				CLANG_WARN_BOOL_CONVERSION = YES;
				CLANG_WARN_COMMA = YES;
				CLANG_WARN_CONSTANT_CONVERSION = YES;
				CLANG_WARN_DEPRECATED_OBJC_IMPLEMENTATIONS = YES;
				CLANG_WARN_DIRECT_OBJC_ISA_USAGE = YES_ERROR;
				CLANG_WARN_DOCUMENTATION_COMMENTS = YES;
				CLANG_WARN_EMPTY_BODY = YES;
				CLANG_WARN_ENUM_CONVERSION = YES;
				CLANG_WARN_INFINITE_RECURSION = YES;
				CLANG_WARN_INT_CONVERSION = YES;
				CLANG_WARN_NON_LITERAL_NULL_CONVERSION = YES;
				CLANG_WARN_OBJC_IMPLICIT_RETAIN_SELF = YES;
				CLANG_WARN_OBJC_LITERAL_CONVERSION = YES;
				CLANG_WARN_OBJC_ROOT_CLASS = YES_ERROR;
				CLANG_WARN_RANGE_LOOP_ANALYSIS = YES;
				CLANG_WARN_STRICT_PROTOTYPES = YES;
				CLANG_WARN_SUSPICIOUS_MOVE = YES;
				CLANG_WARN_UNGUARDED_AVAILABILITY = YES_AGGRESSIVE;
				CLANG_WARN_UNREACHABLE_CODE = YES;
				CLANG_WARN__DUPLICATE_METHOD_MATCH = YES;
				CODE_SIGN_IDENTITY = "iPhone Developer";
				COPY_PHASE_STRIP = NO;
				DEBUG_INFORMATION_FORMAT = "dwarf-with-dsym";
				ENABLE_NS_ASSERTIONS = NO;
				ENABLE_STRICT_OBJC_MSGSEND = YES;
				GCC_C_LANGUAGE_STANDARD = gnu11;
				GCC_NO_COMMON_BLOCKS = YES;
				GCC_WARN_64_TO_32_BIT_CONVERSION = YES;
				GCC_WARN_ABOUT_RETURN_TYPE = YES_ERROR;
				GCC_WARN_UNDECLARED_SELECTOR = YES;
				GCC_WARN_UNINITIALIZED_AUTOS = YES_AGGRESSIVE;
				GCC_WARN_UNUSED_FUNCTION = YES;
				GCC_WARN_UNUSED_VARIABLE = YES;
				IPHONEOS_DEPLOYMENT_TARGET = 12.0;
				MTL_ENABLE_DEBUG_INFO = NO;
				MTL_FAST_MATH = YES;
				SDKROOT = iphoneos;
				SWIFT_COMPILATION_MODE = wholemodule;
				SWIFT_OPTIMIZATION_LEVEL = "-O";
				VALIDATE_PRODUCT = YES;
			};
			name = Release;
		};
		DD21B4DA21321B96004B22E7 /* Debug */ = {
			isa = XCBuildConfiguration;
			baseConfigurationReference = 88F96C4D40C6091F5FE35233 /* Pods-Runr.debug.xcconfig */;
			buildSettings = {
				ASSETCATALOG_COMPILER_APPICON_NAME = AppIcon;
				CODE_SIGN_ENTITLEMENTS = Runr/Info/Runr.entitlements;
				CODE_SIGN_STYLE = Automatic;
				DEVELOPMENT_TEAM = SX8ZGV2EQD;
				INFOPLIST_FILE = "$(SRCROOT)/Runr/Info/Info.plist";
				LD_RUNPATH_SEARCH_PATHS = (
					"$(inherited)",
					"@executable_path/Frameworks",
				);
				PRODUCT_BUNDLE_IDENTIFIER = com.philipsawyer.Runr;
				PRODUCT_NAME = "$(TARGET_NAME)";
				SWIFT_VERSION = 4.2;
				TARGETED_DEVICE_FAMILY = "1,2";
			};
			name = Debug;
		};
		DD21B4DB21321B96004B22E7 /* Release */ = {
			isa = XCBuildConfiguration;
			baseConfigurationReference = D95966DFA07AB8B2BE7900DA /* Pods-Runr.release.xcconfig */;
			buildSettings = {
				ASSETCATALOG_COMPILER_APPICON_NAME = AppIcon;
				CODE_SIGN_ENTITLEMENTS = Runr/Info/Runr.entitlements;
				CODE_SIGN_STYLE = Automatic;
				DEVELOPMENT_TEAM = SX8ZGV2EQD;
				INFOPLIST_FILE = "$(SRCROOT)/Runr/Info/Info.plist";
				LD_RUNPATH_SEARCH_PATHS = (
					"$(inherited)",
					"@executable_path/Frameworks",
				);
				PRODUCT_BUNDLE_IDENTIFIER = com.philipsawyer.Runr;
				PRODUCT_NAME = "$(TARGET_NAME)";
				SWIFT_VERSION = 4.2;
				TARGETED_DEVICE_FAMILY = "1,2";
			};
			name = Release;
		};
		DD21B4DD21321B96004B22E7 /* Debug */ = {
			isa = XCBuildConfiguration;
			baseConfigurationReference = 09ABC4776AD126FC47039E18 /* Pods-RunrTests.debug.xcconfig */;
			buildSettings = {
				ALWAYS_EMBED_SWIFT_STANDARD_LIBRARIES = YES;
				BUNDLE_LOADER = "$(TEST_HOST)";
				CODE_SIGN_STYLE = Automatic;
				DEVELOPMENT_TEAM = SX8ZGV2EQD;
				INFOPLIST_FILE = RunrTests/Info.plist;
				LD_RUNPATH_SEARCH_PATHS = (
					"$(inherited)",
					"@executable_path/Frameworks",
					"@loader_path/Frameworks",
				);
				PRODUCT_BUNDLE_IDENTIFIER = com.philipsawyer.RunrTests;
				PRODUCT_NAME = "$(TARGET_NAME)";
				SWIFT_VERSION = 4.2;
				TARGETED_DEVICE_FAMILY = "1,2";
				TEST_HOST = "$(BUILT_PRODUCTS_DIR)/Runr.app/Runr";
			};
			name = Debug;
		};
		DD21B4DE21321B96004B22E7 /* Release */ = {
			isa = XCBuildConfiguration;
			baseConfigurationReference = 666DCBE3BFC69ED469EA4D45 /* Pods-RunrTests.release.xcconfig */;
			buildSettings = {
				ALWAYS_EMBED_SWIFT_STANDARD_LIBRARIES = YES;
				BUNDLE_LOADER = "$(TEST_HOST)";
				CODE_SIGN_STYLE = Automatic;
				DEVELOPMENT_TEAM = SX8ZGV2EQD;
				INFOPLIST_FILE = RunrTests/Info.plist;
				LD_RUNPATH_SEARCH_PATHS = (
					"$(inherited)",
					"@executable_path/Frameworks",
					"@loader_path/Frameworks",
				);
				PRODUCT_BUNDLE_IDENTIFIER = com.philipsawyer.RunrTests;
				PRODUCT_NAME = "$(TARGET_NAME)";
				SWIFT_VERSION = 4.2;
				TARGETED_DEVICE_FAMILY = "1,2";
				TEST_HOST = "$(BUILT_PRODUCTS_DIR)/Runr.app/Runr";
			};
			name = Release;
		};
		DDF1C490218BF47F00557C11 /* Debug */ = {
			isa = XCBuildConfiguration;
			buildSettings = {
				ASSETCATALOG_COMPILER_COMPLICATION_NAME = Complication;
				CODE_SIGN_ENTITLEMENTS = "Watch Extension/Watch Extension.entitlements";
				CODE_SIGN_STYLE = Automatic;
				DEVELOPMENT_TEAM = SX8ZGV2EQD;
				INFOPLIST_FILE = "Watch Extension/Info.plist";
				LD_RUNPATH_SEARCH_PATHS = (
					"$(inherited)",
					"@executable_path/Frameworks",
					"@executable_path/../../Frameworks",
				);
				PRODUCT_BUNDLE_IDENTIFIER = com.philipsawyer.Runr.watchkitapp.watchkitextension;
				PRODUCT_NAME = "${TARGET_NAME}";
				SDKROOT = watchos;
				SKIP_INSTALL = YES;
				SWIFT_VERSION = 4.2;
				TARGETED_DEVICE_FAMILY = 4;
				WATCHOS_DEPLOYMENT_TARGET = 5.0;
			};
			name = Debug;
		};
		DDF1C491218BF47F00557C11 /* Release */ = {
			isa = XCBuildConfiguration;
			buildSettings = {
				ASSETCATALOG_COMPILER_COMPLICATION_NAME = Complication;
				CODE_SIGN_ENTITLEMENTS = "Watch Extension/Watch Extension.entitlements";
				CODE_SIGN_STYLE = Automatic;
				DEVELOPMENT_TEAM = SX8ZGV2EQD;
				INFOPLIST_FILE = "Watch Extension/Info.plist";
				LD_RUNPATH_SEARCH_PATHS = (
					"$(inherited)",
					"@executable_path/Frameworks",
					"@executable_path/../../Frameworks",
				);
				PRODUCT_BUNDLE_IDENTIFIER = com.philipsawyer.Runr.watchkitapp.watchkitextension;
				PRODUCT_NAME = "${TARGET_NAME}";
				SDKROOT = watchos;
				SKIP_INSTALL = YES;
				SWIFT_VERSION = 4.2;
				TARGETED_DEVICE_FAMILY = 4;
				WATCHOS_DEPLOYMENT_TARGET = 5.0;
			};
			name = Release;
		};
		DDF1C494218BF47F00557C11 /* Debug */ = {
			isa = XCBuildConfiguration;
			buildSettings = {
				ALWAYS_EMBED_SWIFT_STANDARD_LIBRARIES = YES;
				ASSETCATALOG_COMPILER_APPICON_NAME = AppIcon;
				CODE_SIGN_STYLE = Automatic;
				DEVELOPMENT_TEAM = SX8ZGV2EQD;
				IBSC_MODULE = Watch_Extension;
				INFOPLIST_FILE = Watch/Info.plist;
				PRODUCT_BUNDLE_IDENTIFIER = com.philipsawyer.Runr.watchkitapp;
				PRODUCT_NAME = "$(TARGET_NAME)";
				SDKROOT = watchos;
				SKIP_INSTALL = YES;
				SWIFT_VERSION = 4.2;
				TARGETED_DEVICE_FAMILY = 4;
				WATCHOS_DEPLOYMENT_TARGET = 5.0;
			};
			name = Debug;
		};
		DDF1C495218BF47F00557C11 /* Release */ = {
			isa = XCBuildConfiguration;
			buildSettings = {
				ALWAYS_EMBED_SWIFT_STANDARD_LIBRARIES = YES;
				ASSETCATALOG_COMPILER_APPICON_NAME = AppIcon;
				CODE_SIGN_STYLE = Automatic;
				DEVELOPMENT_TEAM = SX8ZGV2EQD;
				IBSC_MODULE = Watch_Extension;
				INFOPLIST_FILE = Watch/Info.plist;
				PRODUCT_BUNDLE_IDENTIFIER = com.philipsawyer.Runr.watchkitapp;
				PRODUCT_NAME = "$(TARGET_NAME)";
				SDKROOT = watchos;
				SKIP_INSTALL = YES;
				SWIFT_VERSION = 4.2;
				TARGETED_DEVICE_FAMILY = 4;
				WATCHOS_DEPLOYMENT_TARGET = 5.0;
			};
			name = Release;
		};
/* End XCBuildConfiguration section */

/* Begin XCConfigurationList section */
		DD21B4B721321B94004B22E7 /* Build configuration list for PBXProject "Runr" */ = {
			isa = XCConfigurationList;
			buildConfigurations = (
				DD21B4D721321B96004B22E7 /* Debug */,
				DD21B4D821321B96004B22E7 /* Release */,
			);
			defaultConfigurationIsVisible = 0;
			defaultConfigurationName = Release;
		};
		DD21B4D921321B96004B22E7 /* Build configuration list for PBXNativeTarget "Runr" */ = {
			isa = XCConfigurationList;
			buildConfigurations = (
				DD21B4DA21321B96004B22E7 /* Debug */,
				DD21B4DB21321B96004B22E7 /* Release */,
			);
			defaultConfigurationIsVisible = 0;
			defaultConfigurationName = Release;
		};
		DD21B4DC21321B96004B22E7 /* Build configuration list for PBXNativeTarget "RunrTests" */ = {
			isa = XCConfigurationList;
			buildConfigurations = (
				DD21B4DD21321B96004B22E7 /* Debug */,
				DD21B4DE21321B96004B22E7 /* Release */,
			);
			defaultConfigurationIsVisible = 0;
			defaultConfigurationName = Release;
		};
		DDF1C48F218BF47F00557C11 /* Build configuration list for PBXNativeTarget "Watch Extension" */ = {
			isa = XCConfigurationList;
			buildConfigurations = (
				DDF1C490218BF47F00557C11 /* Debug */,
				DDF1C491218BF47F00557C11 /* Release */,
			);
			defaultConfigurationIsVisible = 0;
			defaultConfigurationName = Release;
		};
		DDF1C493218BF47F00557C11 /* Build configuration list for PBXNativeTarget "Watch" */ = {
			isa = XCConfigurationList;
			buildConfigurations = (
				DDF1C494218BF47F00557C11 /* Debug */,
				DDF1C495218BF47F00557C11 /* Release */,
			);
			defaultConfigurationIsVisible = 0;
			defaultConfigurationName = Release;
		};
/* End XCConfigurationList section */
	};
	rootObject = DD21B4B421321B94004B22E7 /* Project object */;
}
